hash: 49f5b21ce43eb384ff40f0216fce9f0297893d30c3c13fb9a7f807c236f37d75
updated: 2018-02-21T21:41:21.490815371+01:00
imports:
- name: github.com/aws/aws-sdk-go
  version: 7dd56b090d96bc6c6e7ea106351eb649606fa21b
  subpackages:
  - aws
  - aws/awserr
  - aws/awsutil
  - aws/client
  - aws/client/metadata
  - aws/corehandlers
  - aws/credentials
  - aws/credentials/ec2rolecreds
  - aws/credentials/endpointcreds
  - aws/credentials/stscreds
  - aws/defaults
  - aws/ec2metadata
  - aws/endpoints
  - aws/request
  - aws/session
  - aws/signer/v4
  - internal/sdkrand
  - internal/shareddefaults
  - private/protocol
  - private/protocol/query
  - private/protocol/query/queryutil
  - private/protocol/rest
  - private/protocol/restxml
  - private/protocol/xml/xmlutil
  - service/s3
  - service/s3/s3iface
  - service/s3/s3manager
  - service/sts
- name: github.com/dropbox/dropbox-sdk-go-unofficial
  version: 81ac5b288ffc03b166174f520cdc0b227461450e
  subpackages:
  - dropbox
  - dropbox/async
  - dropbox/file_properties
  - dropbox/files
- name: github.com/go-ini/ini
  version: 32e4be5f41bb918afb6e37c07426e2ddbcb6647e
- name: github.com/golang/protobuf
  version: bbd03ef6da3a115852eaf24c8a1c46aeb39aa175
  subpackages:
  - proto
- name: github.com/jmespath/go-jmespath
  version: c2b33e8439af944379acbdd9c3a5fe0bc44bd8a5
- name: github.com/meinside/rpi-camera-timelapse-go
  version: 66f72dc7e1de09300838ecf33eb7f24f0126140f
  subpackages:
  - storage
- name: github.com/meinside/rpi-tools
  version: 24dc03e57f746395fad717a9ba24c80b76c5e7aa
  subpackages:
  - hardware
- name: golang.org/x/net
  version: cbe0f9307d0156177f9dd5dc85da1a31abc5f2fb
  subpackages:
  - context
  - context/ctxhttp
- name: golang.org/x/oauth2
  version: 543e37812f10c46c622c9575afd7ad22f22a12ba
  subpackages:
  - internal
- name: google.golang.org/appengine
  version: 5bee14b453b4c71be47ec1781b0fa61c2ea182db
  subpackages:
  - internal
  - internal/base
  - internal/datastore
  - internal/log
  - internal/remote_api
  - internal/urlfetch
  - urlfetch
testImports: []
