github.com/aws/aws-sdk-go v0.0.0-20180221193149-7dd56b090d96 h1:0A057q2FcE+XRobIoxmU308v89OsUbz5HjvFf+MgNAg=
github.com/aws/aws-sdk-go v0.0.0-20180221193149-7dd56b090d96/go.mod h1:ZRmQr0FajVIyZ4ZzBYKG5P3ZqPz9IHG41ZoMu1ADI3k=
github.com/dropbox/dropbox-sdk-go-unofficial v4.0.0+incompatible h1:bLoFD0gkLe6Bfk9RhulwUDXBOxE3DsXhtwEJVzJNBqQ=
github.com/dropbox/dropbox-sdk-go-unofficial v4.0.0+incompatible/go.mod h1:lr+LhMM3F6Y3lW1T9j2U5l7QeuWm87N9+PPXo3yH4qY=
github.com/go-ini/ini v0.0.0-20180214101753-32e4be5f41bb h1:WsQm7fr1CO+d8ImA2Uy2psWSn893x02vOF1sH3fgQIk=
github.com/go-ini/ini v0.0.0-20180214101753-32e4be5f41bb/go.mod h1:ByCAeIL28uOIIG0E3PJtZPDL8WnHpFKFOtgjp+3Ies8=
github.com/golang/protobuf v0.0.0-20180202184318-bbd03ef6da3a/go.mod h1:6lQm79b+lXiMfvg/cZm0SGofjICqVBUtrP5yJMmIC1U=
github.com/jmespath/go-jmespath v0.0.0-20180206201540-c2b33e8439af h1:pmfjZENx5imkbgOkpRUYLnmbU7UEFbjtDA2hxJ1ichM=
github.com/jmespath/go-jmespath v0.0.0-20180206201540-c2b33e8439af/go.mod h1:Nht3zPeWKUH0NzdCt2Blrr5ys8VGpn0CEB0cQHVjt7k=
github.com/meinside/rpi-camera-timelapse-go v0.0.0-20180219025643-66f72dc7e1de h1:W3ZVpqaCEYoRsxMNMsqYW7L6XaS3RwqAJ9H5Flr+I1o=
github.com/meinside/rpi-camera-timelapse-go v0.0.0-20180219025643-66f72dc7e1de/go.mod h1:gVYzLWs0jP8Em7mia/K+lVGOsJ3a+2XaDCTGAR0HpF4=
github.com/meinside/rpi-tools v0.0.0-20171012061803-24dc03e57f74 h1:e4g32vYxCmXw5UIwxmJ3x5HF1ahV3xMg8AshQH93WzU=
github.com/meinside/rpi-tools v0.0.0-20171012061803-24dc03e57f74/go.mod h1:4p9tXh1Om0VIxADfedma+2E64gV+/gYwEjlk+2Dcb8U=
golang.org/x/net v0.0.0-20180218175443-cbe0f9307d01 h1:po1f06KS05FvIQQA2pMuOWZAUXiy1KYdIf0ElUU2Hhc=
golang.org/x/net v0.0.0-20180218175443-cbe0f9307d01/go.mod h1:mL1N/T3taQHkDXs73rZJwtUhF3w3ftmwwsq0BUmARs4=
golang.org/x/oauth2 v0.0.0-20180207181906-543e37812f10 h1:ztZz7pTbygSoJgnsO6TYI8nOvZp3HowfTtpGeFuSu5g=
golang.org/x/oauth2 v0.0.0-20180207181906-543e37812f10/go.mod h1:N/0e6XlmueqKjAGxoOufVs8QHGRruUQn6yWY3a++T0U=
google.golang.org/appengine v0.0.0-20171212223047-5bee14b453b4/go.mod h1:EbEs0AVv82hx2wNQdGPgUI5lhzA/G0D9YwlJXL52JkM=
